{
  "version": 4,
  "terraform_version": "1.4.2",
  "serial": 152,
  "lineage": "0b068057-4e67-5e6e-71c7-9deda6d643dd",
  "outputs": {},
  "resources": [
    {
      "module": "module.s3",
      "mode": "managed",
      "type": "aws_s3_bucket",
      "name": "bucket",
      "provider": "provider[\"registry.terraform.io/hashicorp/aws\"]",
      "instances": [
        {
          "schema_version": 0,
          "attributes": {
            "acceleration_status": "",
            "acl": null,
            "arn": "arn:aws:s3:::terraform-20230327074402181800000001",
            "bucket": "terraform-20230327074402181800000001",
            "bucket_domain_name": "terraform-20230327074402181800000001.s3.amazonaws.com",
            "bucket_prefix": "terraform-",
            "bucket_regional_domain_name": "terraform-20230327074402181800000001.s3.ap-southeast-1.amazonaws.com",
            "cors_rule": [],
            "force_destroy": false,
            "grant": [
              {
                "id": "6030d345651353a3ac92ae58cf492086eef5cb28898ff218a1a71e756595c30a",
                "permissions": [
                  "FULL_CONTROL"
                ],
                "type": "CanonicalUser",
                "uri": ""
              }
            ],
            "hosted_zone_id": "Z3O0J2DXBE1FTB",
            "id": "terraform-20230327074402181800000001",
            "lifecycle_rule": [],
            "logging": [],
            "object_lock_configuration": [],
            "object_lock_enabled": false,
            "policy": "",
            "region": "ap-southeast-1",
            "replication_configuration": [],
            "request_payer": "BucketOwner",
            "server_side_encryption_configuration": [
              {
                "rule": [
                  {
                    "apply_server_side_encryption_by_default": [
                      {
                        "kms_master_key_id": "",
                        "sse_algorithm": "AES256"
                      }
                    ],
                    "bucket_key_enabled": false
                  }
                ]
              }
            ],
            "tags": {
              "Name": "terraform_s3"
            },
            "tags_all": {
              "Name": "terraform_s3"
            },
            "timeouts": null,
            "versioning": [
              {
                "enabled": false,
                "mfa_delete": false
              }
            ],
            "website": [],
            "website_domain": null,
            "website_endpoint": null
          },
          "sensitive_attributes": [],
          "private": "eyJlMmJmYjczMC1lY2FhLTExZTYtOGY4OC0zNDM2M2JjN2M0YzAiOnsiY3JlYXRlIjoxMjAwMDAwMDAwMDAwLCJkZWxldGUiOjM2MDAwMDAwMDAwMDAsInJlYWQiOjEyMDAwMDAwMDAwMDAsInVwZGF0ZSI6MTIwMDAwMDAwMDAwMH19"
        }
      ]
    },
    {
      "module": "module.vpc",
      "mode": "data",
      "type": "aws_availability_zones",
      "name": "available",
      "provider": "provider[\"registry.terraform.io/hashicorp/aws\"]",
      "instances": [
        {
          "schema_version": 0,
          "attributes": {
            "all_availability_zones": null,
            "exclude_names": null,
            "exclude_zone_ids": null,
            "filter": null,
            "group_names": [
              "ap-southeast-1"
            ],
            "id": "ap-southeast-1",
            "names": [
              "ap-southeast-1a",
              "ap-southeast-1b",
              "ap-southeast-1c"
            ],
            "state": null,
            "timeouts": null,
            "zone_ids": [
              "apse1-az2",
              "apse1-az1",
              "apse1-az3"
            ]
          },
          "sensitive_attributes": []
        }
      ]
    },
    {
      "module": "module.vpc",
      "mode": "data",
      "type": "aws_region",
      "name": "current",
      "provider": "provider[\"registry.terraform.io/hashicorp/aws\"]",
      "instances": [
        {
          "schema_version": 0,
          "attributes": {
            "description": "Asia Pacific (Singapore)",
            "endpoint": "ec2.ap-southeast-1.amazonaws.com",
            "id": "ap-southeast-1",
            "name": "ap-southeast-1"
          },
          "sensitive_attributes": []
        }
      ]
    },
    {
      "module": "module.vpc",
      "mode": "managed",
      "type": "aws_internet_gateway",
      "name": "internet_gateway",
      "provider": "provider[\"registry.terraform.io/hashicorp/aws\"]",
      "instances": [
        {
          "schema_version": 0,
          "attributes": {
            "arn": "arn:aws:ec2:ap-southeast-1:356449691181:internet-gateway/igw-04b2ffe9ecfb875e6",
            "id": "igw-04b2ffe9ecfb875e6",
            "owner_id": "356449691181",
            "tags": {
              "Name": "terraform_internet_gateway"
            },
            "tags_all": {
              "Name": "terraform_internet_gateway"
            },
            "timeouts": null,
            "vpc_id": "vpc-0593d36444d53a345"
          },
          "sensitive_attributes": [],
          "private": "eyJlMmJmYjczMC1lY2FhLTExZTYtOGY4OC0zNDM2M2JjN2M0YzAiOnsiY3JlYXRlIjoxMjAwMDAwMDAwMDAwLCJkZWxldGUiOjEyMDAwMDAwMDAwMDAsInVwZGF0ZSI6MTIwMDAwMDAwMDAwMH19",
          "dependencies": [
            "module.vpc.aws_vpc.vpc"
          ]
        }
      ]
    },
    {
      "module": "module.vpc",
      "mode": "managed",
      "type": "aws_route_table",
      "name": "private_route_table",
      "provider": "provider[\"registry.terraform.io/hashicorp/aws\"]",
      "instances": [
        {
          "schema_version": 0,
          "attributes": {
            "arn": "arn:aws:ec2:ap-southeast-1:356449691181:route-table/rtb-03b7c44985eec0a0b",
            "id": "rtb-03b7c44985eec0a0b",
            "owner_id": "356449691181",
            "propagating_vgws": [],
            "route": [],
            "tags": {
              "Name": "terraform_private_route_table"
            },
            "tags_all": {
              "Name": "terraform_private_route_table"
            },
            "timeouts": null,
            "vpc_id": "vpc-0593d36444d53a345"
          },
          "sensitive_attributes": [],
          "private": "eyJlMmJmYjczMC1lY2FhLTExZTYtOGY4OC0zNDM2M2JjN2M0YzAiOnsiY3JlYXRlIjozMDAwMDAwMDAwMDAsImRlbGV0ZSI6MzAwMDAwMDAwMDAwLCJ1cGRhdGUiOjEyMDAwMDAwMDAwMH19",
          "dependencies": [
            "module.vpc.aws_vpc.vpc"
          ]
        }
      ]
    },
    {
      "module": "module.vpc",
      "mode": "managed",
      "type": "aws_route_table",
      "name": "public_route_table",
      "provider": "provider[\"registry.terraform.io/hashicorp/aws\"]",
      "instances": [
        {
          "schema_version": 0,
          "attributes": {
            "arn": "arn:aws:ec2:ap-southeast-1:356449691181:route-table/rtb-08b384824fb72f6ea",
            "id": "rtb-08b384824fb72f6ea",
            "owner_id": "356449691181",
            "propagating_vgws": [],
            "route": [
              {
                "carrier_gateway_id": "",
                "cidr_block": "0.0.0.0/0",
                "core_network_arn": "",
                "destination_prefix_list_id": "",
                "egress_only_gateway_id": "",
                "gateway_id": "igw-04b2ffe9ecfb875e6",
                "instance_id": "",
                "ipv6_cidr_block": "",
                "local_gateway_id": "",
                "nat_gateway_id": "",
                "network_interface_id": "",
                "transit_gateway_id": "",
                "vpc_endpoint_id": "",
                "vpc_peering_connection_id": ""
              }
            ],
            "tags": {
              "Name": "terraform_public_route_table"
            },
            "tags_all": {
              "Name": "terraform_public_route_table"
            },
            "timeouts": null,
            "vpc_id": "vpc-0593d36444d53a345"
          },
          "sensitive_attributes": [],
          "private": "eyJlMmJmYjczMC1lY2FhLTExZTYtOGY4OC0zNDM2M2JjN2M0YzAiOnsiY3JlYXRlIjozMDAwMDAwMDAwMDAsImRlbGV0ZSI6MzAwMDAwMDAwMDAwLCJ1cGRhdGUiOjEyMDAwMDAwMDAwMH19",
          "dependencies": [
            "module.vpc.aws_internet_gateway.internet_gateway",
            "module.vpc.aws_vpc.vpc"
          ]
        }
      ]
    },
    {
      "module": "module.vpc",
      "mode": "managed",
      "type": "aws_route_table_association",
      "name": "private_rt_associations",
      "provider": "provider[\"registry.terraform.io/hashicorp/aws\"]",
      "instances": [
        {
          "index_key": 0,
          "schema_version": 0,
          "attributes": {
            "gateway_id": "",
            "id": "rtbassoc-08528c7cb7bae37e6",
            "route_table_id": "rtb-03b7c44985eec0a0b",
            "subnet_id": "subnet-023e6e0aa51c46982"
          },
          "sensitive_attributes": [],
          "private": "bnVsbA==",
          "dependencies": [
            "module.vpc.aws_route_table.private_route_table",
            "module.vpc.aws_subnet.private_subnets",
            "module.vpc.aws_vpc.vpc",
            "module.vpc.data.aws_availability_zones.available"
          ]
        },
        {
          "index_key": 1,
          "schema_version": 0,
          "attributes": {
            "gateway_id": "",
            "id": "rtbassoc-0e999519a3f2fc185",
            "route_table_id": "rtb-03b7c44985eec0a0b",
            "subnet_id": "subnet-056b4fd6e95064fb5"
          },
          "sensitive_attributes": [],
          "private": "bnVsbA==",
          "dependencies": [
            "module.vpc.aws_route_table.private_route_table",
            "module.vpc.aws_subnet.private_subnets",
            "module.vpc.aws_vpc.vpc",
            "module.vpc.data.aws_availability_zones.available"
          ]
        },
        {
          "index_key": 2,
          "schema_version": 0,
          "attributes": {
            "gateway_id": "",
            "id": "rtbassoc-03c1c0662961750eb",
            "route_table_id": "rtb-03b7c44985eec0a0b",
            "subnet_id": "subnet-02ab6a0ed9cc92ba8"
          },
          "sensitive_attributes": [],
          "private": "bnVsbA==",
          "dependencies": [
            "module.vpc.aws_route_table.private_route_table",
            "module.vpc.aws_subnet.private_subnets",
            "module.vpc.aws_vpc.vpc",
            "module.vpc.data.aws_availability_zones.available"
          ]
        }
      ]
    },
    {
      "module": "module.vpc",
      "mode": "managed",
      "type": "aws_route_table_association",
      "name": "public_rt_associations",
      "provider": "provider[\"registry.terraform.io/hashicorp/aws\"]",
      "instances": [
        {
          "index_key": 0,
          "schema_version": 0,
          "attributes": {
            "gateway_id": "",
            "id": "rtbassoc-055783fc4c2f5c1b4",
            "route_table_id": "rtb-08b384824fb72f6ea",
            "subnet_id": "subnet-08b945c3f494ed194"
          },
          "sensitive_attributes": [],
          "private": "bnVsbA==",
          "dependencies": [
            "module.vpc.aws_internet_gateway.internet_gateway",
            "module.vpc.aws_route_table.public_route_table",
            "module.vpc.aws_subnet.public_subnets",
            "module.vpc.aws_vpc.vpc",
            "module.vpc.data.aws_availability_zones.available"
          ]
        },
        {
          "index_key": 1,
          "schema_version": 0,
          "attributes": {
            "gateway_id": "",
            "id": "rtbassoc-0e4f555931578b740",
            "route_table_id": "rtb-08b384824fb72f6ea",
            "subnet_id": "subnet-009233a4b920de878"
          },
          "sensitive_attributes": [],
          "private": "bnVsbA==",
          "dependencies": [
            "module.vpc.aws_internet_gateway.internet_gateway",
            "module.vpc.aws_route_table.public_route_table",
            "module.vpc.aws_subnet.public_subnets",
            "module.vpc.aws_vpc.vpc",
            "module.vpc.data.aws_availability_zones.available"
          ]
        },
        {
          "index_key": 2,
          "schema_version": 0,
          "attributes": {
            "gateway_id": "",
            "id": "rtbassoc-091cd174dd37ee636",
            "route_table_id": "rtb-08b384824fb72f6ea",
            "subnet_id": "subnet-0baf2ea16a478e1f3"
          },
          "sensitive_attributes": [],
          "private": "bnVsbA==",
          "dependencies": [
            "module.vpc.aws_internet_gateway.internet_gateway",
            "module.vpc.aws_route_table.public_route_table",
            "module.vpc.aws_subnet.public_subnets",
            "module.vpc.aws_vpc.vpc",
            "module.vpc.data.aws_availability_zones.available"
          ]
        }
      ]
    },
    {
      "module": "module.vpc",
      "mode": "managed",
      "type": "aws_subnet",
      "name": "private_subnets",
      "provider": "provider[\"registry.terraform.io/hashicorp/aws\"]",
      "instances": [
        {
          "index_key": 0,
          "schema_version": 1,
          "attributes": {
            "arn": "arn:aws:ec2:ap-southeast-1:356449691181:subnet/subnet-023e6e0aa51c46982",
            "assign_ipv6_address_on_creation": false,
            "availability_zone": "ap-southeast-1a",
            "availability_zone_id": "apse1-az2",
            "cidr_block": "10.0.3.0/24",
            "customer_owned_ipv4_pool": "",
            "enable_dns64": false,
            "enable_resource_name_dns_a_record_on_launch": false,
            "enable_resource_name_dns_aaaa_record_on_launch": false,
            "id": "subnet-023e6e0aa51c46982",
            "ipv6_cidr_block": "",
            "ipv6_cidr_block_association_id": "",
            "ipv6_native": false,
            "map_customer_owned_ip_on_launch": false,
            "map_public_ip_on_launch": false,
            "outpost_arn": "",
            "owner_id": "356449691181",
            "private_dns_hostname_type_on_launch": "ip-name",
            "tags": {
              "Name": "terraform_private_subnet_1"
            },
            "tags_all": {
              "Name": "terraform_private_subnet_1"
            },
            "timeouts": null,
            "vpc_id": "vpc-0593d36444d53a345"
          },
          "sensitive_attributes": [],
          "private": "eyJlMmJmYjczMC1lY2FhLTExZTYtOGY4OC0zNDM2M2JjN2M0YzAiOnsiY3JlYXRlIjo2MDAwMDAwMDAwMDAsImRlbGV0ZSI6MTIwMDAwMDAwMDAwMH0sInNjaGVtYV92ZXJzaW9uIjoiMSJ9",
          "dependencies": [
            "module.vpc.aws_vpc.vpc",
            "module.vpc.data.aws_availability_zones.available"
          ]
        },
        {
          "index_key": 1,
          "schema_version": 1,
          "attributes": {
            "arn": "arn:aws:ec2:ap-southeast-1:356449691181:subnet/subnet-056b4fd6e95064fb5",
            "assign_ipv6_address_on_creation": false,
            "availability_zone": "ap-southeast-1b",
            "availability_zone_id": "apse1-az1",
            "cidr_block": "10.0.4.0/24",
            "customer_owned_ipv4_pool": "",
            "enable_dns64": false,
            "enable_resource_name_dns_a_record_on_launch": false,
            "enable_resource_name_dns_aaaa_record_on_launch": false,
            "id": "subnet-056b4fd6e95064fb5",
            "ipv6_cidr_block": "",
            "ipv6_cidr_block_association_id": "",
            "ipv6_native": false,
            "map_customer_owned_ip_on_launch": false,
            "map_public_ip_on_launch": false,
            "outpost_arn": "",
            "owner_id": "356449691181",
            "private_dns_hostname_type_on_launch": "ip-name",
            "tags": {
              "Name": "terraform_private_subnet_2"
            },
            "tags_all": {
              "Name": "terraform_private_subnet_2"
            },
            "timeouts": null,
            "vpc_id": "vpc-0593d36444d53a345"
          },
          "sensitive_attributes": [],
          "private": "eyJlMmJmYjczMC1lY2FhLTExZTYtOGY4OC0zNDM2M2JjN2M0YzAiOnsiY3JlYXRlIjo2MDAwMDAwMDAwMDAsImRlbGV0ZSI6MTIwMDAwMDAwMDAwMH0sInNjaGVtYV92ZXJzaW9uIjoiMSJ9",
          "dependencies": [
            "module.vpc.aws_vpc.vpc",
            "module.vpc.data.aws_availability_zones.available"
          ]
        },
        {
          "index_key": 2,
          "schema_version": 1,
          "attributes": {
            "arn": "arn:aws:ec2:ap-southeast-1:356449691181:subnet/subnet-02ab6a0ed9cc92ba8",
            "assign_ipv6_address_on_creation": false,
            "availability_zone": "ap-southeast-1c",
            "availability_zone_id": "apse1-az3",
            "cidr_block": "10.0.5.0/24",
            "customer_owned_ipv4_pool": "",
            "enable_dns64": false,
            "enable_resource_name_dns_a_record_on_launch": false,
            "enable_resource_name_dns_aaaa_record_on_launch": false,
            "id": "subnet-02ab6a0ed9cc92ba8",
            "ipv6_cidr_block": "",
            "ipv6_cidr_block_association_id": "",
            "ipv6_native": false,
            "map_customer_owned_ip_on_launch": false,
            "map_public_ip_on_launch": false,
            "outpost_arn": "",
            "owner_id": "356449691181",
            "private_dns_hostname_type_on_launch": "ip-name",
            "tags": {
              "Name": "terraform_private_subnet_3"
            },
            "tags_all": {
              "Name": "terraform_private_subnet_3"
            },
            "timeouts": null,
            "vpc_id": "vpc-0593d36444d53a345"
          },
          "sensitive_attributes": [],
          "private": "eyJlMmJmYjczMC1lY2FhLTExZTYtOGY4OC0zNDM2M2JjN2M0YzAiOnsiY3JlYXRlIjo2MDAwMDAwMDAwMDAsImRlbGV0ZSI6MTIwMDAwMDAwMDAwMH0sInNjaGVtYV92ZXJzaW9uIjoiMSJ9",
          "dependencies": [
            "module.vpc.aws_vpc.vpc",
            "module.vpc.data.aws_availability_zones.available"
          ]
        }
      ]
    },
    {
      "module": "module.vpc",
      "mode": "managed",
      "type": "aws_subnet",
      "name": "public_subnets",
      "provider": "provider[\"registry.terraform.io/hashicorp/aws\"]",
      "instances": [
        {
          "index_key": 0,
          "schema_version": 1,
          "attributes": {
            "arn": "arn:aws:ec2:ap-southeast-1:356449691181:subnet/subnet-08b945c3f494ed194",
            "assign_ipv6_address_on_creation": false,
            "availability_zone": "ap-southeast-1a",
            "availability_zone_id": "apse1-az2",
            "cidr_block": "10.0.0.0/24",
            "customer_owned_ipv4_pool": "",
            "enable_dns64": false,
            "enable_resource_name_dns_a_record_on_launch": false,
            "enable_resource_name_dns_aaaa_record_on_launch": false,
            "id": "subnet-08b945c3f494ed194",
            "ipv6_cidr_block": "",
            "ipv6_cidr_block_association_id": "",
            "ipv6_native": false,
            "map_customer_owned_ip_on_launch": false,
            "map_public_ip_on_launch": false,
            "outpost_arn": "",
            "owner_id": "356449691181",
            "private_dns_hostname_type_on_launch": "ip-name",
            "tags": {
              "Name": "terraform_public_subnet_1"
            },
            "tags_all": {
              "Name": "terraform_public_subnet_1"
            },
            "timeouts": null,
            "vpc_id": "vpc-0593d36444d53a345"
          },
          "sensitive_attributes": [],
          "private": "eyJlMmJmYjczMC1lY2FhLTExZTYtOGY4OC0zNDM2M2JjN2M0YzAiOnsiY3JlYXRlIjo2MDAwMDAwMDAwMDAsImRlbGV0ZSI6MTIwMDAwMDAwMDAwMH0sInNjaGVtYV92ZXJzaW9uIjoiMSJ9",
          "dependencies": [
            "module.vpc.aws_vpc.vpc",
            "module.vpc.data.aws_availability_zones.available"
          ]
        },
        {
          "index_key": 1,
          "schema_version": 1,
          "attributes": {
            "arn": "arn:aws:ec2:ap-southeast-1:356449691181:subnet/subnet-009233a4b920de878",
            "assign_ipv6_address_on_creation": false,
            "availability_zone": "ap-southeast-1b",
            "availability_zone_id": "apse1-az1",
            "cidr_block": "10.0.1.0/24",
            "customer_owned_ipv4_pool": "",
            "enable_dns64": false,
            "enable_resource_name_dns_a_record_on_launch": false,
            "enable_resource_name_dns_aaaa_record_on_launch": false,
            "id": "subnet-009233a4b920de878",
            "ipv6_cidr_block": "",
            "ipv6_cidr_block_association_id": "",
            "ipv6_native": false,
            "map_customer_owned_ip_on_launch": false,
            "map_public_ip_on_launch": false,
            "outpost_arn": "",
            "owner_id": "356449691181",
            "private_dns_hostname_type_on_launch": "ip-name",
            "tags": {
              "Name": "terraform_public_subnet_2"
            },
            "tags_all": {
              "Name": "terraform_public_subnet_2"
            },
            "timeouts": null,
            "vpc_id": "vpc-0593d36444d53a345"
          },
          "sensitive_attributes": [],
          "private": "eyJlMmJmYjczMC1lY2FhLTExZTYtOGY4OC0zNDM2M2JjN2M0YzAiOnsiY3JlYXRlIjo2MDAwMDAwMDAwMDAsImRlbGV0ZSI6MTIwMDAwMDAwMDAwMH0sInNjaGVtYV92ZXJzaW9uIjoiMSJ9",
          "dependencies": [
            "module.vpc.aws_vpc.vpc",
            "module.vpc.data.aws_availability_zones.available"
          ]
        },
        {
          "index_key": 2,
          "schema_version": 1,
          "attributes": {
            "arn": "arn:aws:ec2:ap-southeast-1:356449691181:subnet/subnet-0baf2ea16a478e1f3",
            "assign_ipv6_address_on_creation": false,
            "availability_zone": "ap-southeast-1c",
            "availability_zone_id": "apse1-az3",
            "cidr_block": "10.0.2.0/24",
            "customer_owned_ipv4_pool": "",
            "enable_dns64": false,
            "enable_resource_name_dns_a_record_on_launch": false,
            "enable_resource_name_dns_aaaa_record_on_launch": false,
            "id": "subnet-0baf2ea16a478e1f3",
            "ipv6_cidr_block": "",
            "ipv6_cidr_block_association_id": "",
            "ipv6_native": false,
            "map_customer_owned_ip_on_launch": false,
            "map_public_ip_on_launch": false,
            "outpost_arn": "",
            "owner_id": "356449691181",
            "private_dns_hostname_type_on_launch": "ip-name",
            "tags": {
              "Name": "terraform_public_subnet_3"
            },
            "tags_all": {
              "Name": "terraform_public_subnet_3"
            },
            "timeouts": null,
            "vpc_id": "vpc-0593d36444d53a345"
          },
          "sensitive_attributes": [],
          "private": "eyJlMmJmYjczMC1lY2FhLTExZTYtOGY4OC0zNDM2M2JjN2M0YzAiOnsiY3JlYXRlIjo2MDAwMDAwMDAwMDAsImRlbGV0ZSI6MTIwMDAwMDAwMDAwMH0sInNjaGVtYV92ZXJzaW9uIjoiMSJ9",
          "dependencies": [
            "module.vpc.aws_vpc.vpc",
            "module.vpc.data.aws_availability_zones.available"
          ]
        }
      ]
    },
    {
      "module": "module.vpc",
      "mode": "managed",
      "type": "aws_vpc",
      "name": "vpc",
      "provider": "provider[\"registry.terraform.io/hashicorp/aws\"]",
      "instances": [
        {
          "schema_version": 1,
          "attributes": {
            "arn": "arn:aws:ec2:ap-southeast-1:356449691181:vpc/vpc-0593d36444d53a345",
            "assign_generated_ipv6_cidr_block": false,
            "cidr_block": "10.0.0.0/16",
            "default_network_acl_id": "acl-0224067828e44681e",
            "default_route_table_id": "rtb-06125c9f3657f828d",
            "default_security_group_id": "sg-0c7d0dd7266f761be",
            "dhcp_options_id": "dopt-0049ab5945cfa4c43",
            "enable_classiclink": false,
            "enable_classiclink_dns_support": false,
            "enable_dns_hostnames": false,
            "enable_dns_support": true,
            "enable_network_address_usage_metrics": false,
            "id": "vpc-0593d36444d53a345",
            "instance_tenancy": "default",
            "ipv4_ipam_pool_id": null,
            "ipv4_netmask_length": null,
            "ipv6_association_id": "",
            "ipv6_cidr_block": "",
            "ipv6_cidr_block_network_border_group": "",
            "ipv6_ipam_pool_id": "",
            "ipv6_netmask_length": 0,
            "main_route_table_id": "rtb-06125c9f3657f828d",
            "owner_id": "356449691181",
            "tags": {
              "Name": "terraform_vpc"
            },
            "tags_all": {
              "Name": "terraform_vpc"
            }
          },
          "sensitive_attributes": [],
          "private": "eyJzY2hlbWFfdmVyc2lvbiI6IjEifQ=="
        }
      ]
    }
  ],
  "check_results": null
}
